
Microsoft Visual Studio Solution File, Format Version 12.00
# Visual Studio Version 16
VisualStudioVersion = 16.0.29215.179
MinimumVisualStudioVersion = 10.0.40219.1
Project("{FAE04EC0-301F-11D3-BF4B-00C04F79EFBC}") = "AuctionWeb", "AuctionWeb\AuctionWeb.csproj", "{8BABD6CD-7199-494C-9517-A56EE183995A}"
EndProject
Global
	GlobalSection(SolutionConfigurationPlatforms) = preSolution
		Debug|Any CPU = Debug|Any CPU
		Release|Any CPU = Release|Any CPU
	EndGlobalSection
	GlobalSection(ProjectConfigurationPlatforms) = postSolution
		{8BABD6CD-7199-494C-9517-A56EE183995A}.Debug|Any CPU.ActiveCfg = Debug|Any CPU
		{8BABD6CD-7199-494C-9517-A56EE183995A}.Debug|Any CPU.Build.0 = Debug|Any CPU
		{8BABD6CD-7199-494C-9517-A56EE183995A}.Release|Any CPU.ActiveCfg = Release|Any CPU
		{8BABD6CD-7199-494C-9517-A56EE183995A}.Release|Any CPU.Build.0 = Release|Any CPU
	EndGlobalSection
	GlobalSection(SolutionProperties) = preSolution
		HideSolutionNode = FALSE
	EndGlobalSection
	GlobalSection(ExtensibilityGlobals) = postSolution
		SolutionGuid = {1F449988-3F4D-4F3B-8E0D-C60973CF4131}
	EndGlobalSection
EndGlobal
